Microsoft Visual Studio Solution File, Format Version 12.00
# Visual Studio 2013
Project("{8BC9CEB8-8B4A-11D0-8D11-00A0C91BC942}") = "ALL_BUILD", "ALL_BUILD.vcxproj", "{E3FA4961-14E2-41EB-8B63-7F0D3FA43DA7}"
	ProjectSection(ProjectDependencies) = postProject
		{BEC1E975-F971-42A1-9497-3B80143576B5} = {BEC1E975-F971-42A1-9497-3B80143576B5}
		{5503C123-47D6-44FC-B1F1-DA8A86E8F8C6} = {5503C123-47D6-44FC-B1F1-DA8A86E8F8C6}
	EndProjectSection
EndProject
Project("{8BC9CEB8-8B4A-11D0-8D11-00A0C91BC942}") = "INSTALL", "INSTALL.vcxproj", "{CC76DA66-B995-4CF9-A99A-5F6444CBD53A}"
	ProjectSection(ProjectDependencies) = postProject
		{E3FA4961-14E2-41EB-8B63-7F0D3FA43DA7} = {E3FA4961-14E2-41EB-8B63-7F0D3FA43DA7}
	EndProjectSection
EndProject
Project("{8BC9CEB8-8B4A-11D0-8D11-00A0C91BC942}") = "SystemVue-alexnet_tools", "SystemVue\SystemVue-alexnet_tools.vcxproj", "{BEC1E975-F971-42A1-9497-3B80143576B5}"
	ProjectSection(ProjectDependencies) = postProject
		{5503C123-47D6-44FC-B1F1-DA8A86E8F8C6} = {5503C123-47D6-44FC-B1F1-DA8A86E8F8C6}
	EndProjectSection
EndProject
Project("{8BC9CEB8-8B4A-11D0-8D11-00A0C91BC942}") = "ZERO_CHECK", "ZERO_CHECK.vcxproj", "{5503C123-47D6-44FC-B1F1-DA8A86E8F8C6}"
	ProjectSection(ProjectDependencies) = postProject
	EndProjectSection
EndProject
Global
	GlobalSection(SolutionConfigurationPlatforms) = preSolution
		Debug|x64 = Debug|x64
		Release|x64 = Release|x64
	EndGlobalSection
	GlobalSection(ProjectConfigurationPlatforms) = postSolution
		{E3FA4961-14E2-41EB-8B63-7F0D3FA43DA7}.Debug|x64.ActiveCfg = Debug|x64
		{E3FA4961-14E2-41EB-8B63-7F0D3FA43DA7}.Debug|x64.Build.0 = Debug|x64
		{E3FA4961-14E2-41EB-8B63-7F0D3FA43DA7}.Release|x64.ActiveCfg = Release|x64
		{E3FA4961-14E2-41EB-8B63-7F0D3FA43DA7}.Release|x64.Build.0 = Release|x64
		{CC76DA66-B995-4CF9-A99A-5F6444CBD53A}.Debug|x64.ActiveCfg = Debug|x64
		{CC76DA66-B995-4CF9-A99A-5F6444CBD53A}.Release|x64.ActiveCfg = Release|x64
		{BEC1E975-F971-42A1-9497-3B80143576B5}.Debug|x64.ActiveCfg = Debug|x64
		{BEC1E975-F971-42A1-9497-3B80143576B5}.Debug|x64.Build.0 = Debug|x64
		{BEC1E975-F971-42A1-9497-3B80143576B5}.Release|x64.ActiveCfg = Release|x64
		{BEC1E975-F971-42A1-9497-3B80143576B5}.Release|x64.Build.0 = Release|x64
		{5503C123-47D6-44FC-B1F1-DA8A86E8F8C6}.Debug|x64.ActiveCfg = Debug|x64
		{5503C123-47D6-44FC-B1F1-DA8A86E8F8C6}.Debug|x64.Build.0 = Debug|x64
		{5503C123-47D6-44FC-B1F1-DA8A86E8F8C6}.Release|x64.ActiveCfg = Release|x64
		{5503C123-47D6-44FC-B1F1-DA8A86E8F8C6}.Release|x64.Build.0 = Release|x64
	EndGlobalSection
	GlobalSection(ExtensibilityGlobals) = postSolution
	EndGlobalSection
	GlobalSection(ExtensibilityAddIns) = postSolution
	EndGlobalSection
EndGlobal
